
Microsoft Visual Studio Solution File, Format Version 12.00
# Visual Studio Version 16
VisualStudioVersion = 16.0.31205.134
MinimumVisualStudioVersion = 10.0.40219.1
Project("{FAE04EC0-301F-11D3-BF4B-00C04F79EFBC}") = "chatApp1", "chatApp1\chatApp1.csproj", "{26F86053-01C0-4807-8152-B44C4BCB20BC}"
EndProject
Global
	GlobalSection(SolutionConfigurationPlatforms) = preSolution
		Debug|Any CPU = Debug|Any CPU
		Release|Any CPU = Release|Any CPU
	EndGlobalSection
	GlobalSection(ProjectConfigurationPlatforms) = postSolution
		{26F86053-01C0-4807-8152-B44C4BCB20BC}.Debug|Any CPU.ActiveCfg = Debug|Any CPU
		{26F86053-01C0-4807-8152-B44C4BCB20BC}.Debug|Any CPU.Build.0 = Debug|Any CPU
		{26F86053-01C0-4807-8152-B44C4BCB20BC}.Release|Any CPU.ActiveCfg = Release|Any CPU
		{26F86053-01C0-4807-8152-B44C4BCB20BC}.Release|Any CPU.Build.0 = Release|Any CPU
	EndGlobalSection
	GlobalSection(SolutionProperties) = preSolution
		HideSolutionNode = FALSE
	EndGlobalSection
	GlobalSection(ExtensibilityGlobals) = postSolution
		SolutionGuid = {C01093C0-D5B7-4CC9-8AF7-6C752B904C3B}
	EndGlobalSection
EndGlobal
